
Microsoft Visual Studio Solution File, Format Version 12.00
# Visual Studio 15
VisualStudioVersion = 15.0.26228.88
MinimumVisualStudioVersion = 10.0.40219.1
Project("{FAE04EC0-301F-11D3-BF4B-00C04F79EFBC}") = "QM.UMS.Models", "QM.UMS.Models\QM.UMS.Models.csproj", "{EDE81567-C85A-4FFD-A9C7-DEA8F5C6F5BA}"
EndProject
Project("{FAE04EC0-301F-11D3-BF4B-00C04F79EFBC}") = "QM.UMSAPI", "QM.UMSAPI\QM.UMSAPI.csproj", "{4D67C1CD-2EA9-4F7B-AA13-FF634029F0B3}"
EndProject
Project("{FAE04EC0-301F-11D3-BF4B-00C04F79EFBC}") = "QM.UMS.Business", "QM.UMS.Business\QM.UMS.Business.csproj", "{BC3A0FC1-EB14-49D8-972F-5F145ABE86F4}"
EndProject
Project("{FAE04EC0-301F-11D3-BF4B-00C04F79EFBC}") = "QM.UMS.Repository", "QM.UMS.Repository\QM.UMS.Repository.csproj", "{804C1730-C613-45D3-AEAD-DC5B7953694F}"
EndProject
Project("{FAE04EC0-301F-11D3-BF4B-00C04F79EFBC}") = "QM.UMS.DMS", "QM.UMS.DMS\QM.UMS.DMS.csproj", "{F5DC9F7C-7F1C-4D5E-8358-B1B59D3C5CF8}"
EndProject
Global
	GlobalSection(SolutionConfigurationPlatforms) = preSolution
		Debug|Any CPU = Debug|Any CPU
		Release|Any CPU = Release|Any CPU
	EndGlobalSection
	GlobalSection(ProjectConfigurationPlatforms) = postSolution
		{EDE81567-C85A-4FFD-A9C7-DEA8F5C6F5BA}.Debug|Any CPU.ActiveCfg = Debug|Any CPU
		{EDE81567-C85A-4FFD-A9C7-DEA8F5C6F5BA}.Debug|Any CPU.Build.0 = Debug|Any CPU
		{EDE81567-C85A-4FFD-A9C7-DEA8F5C6F5BA}.Release|Any CPU.ActiveCfg = Release|Any CPU
		{EDE81567-C85A-4FFD-A9C7-DEA8F5C6F5BA}.Release|Any CPU.Build.0 = Release|Any CPU
		{4D67C1CD-2EA9-4F7B-AA13-FF634029F0B3}.Debug|Any CPU.ActiveCfg = Debug|Any CPU
		{4D67C1CD-2EA9-4F7B-AA13-FF634029F0B3}.Debug|Any CPU.Build.0 = Debug|Any CPU
		{4D67C1CD-2EA9-4F7B-AA13-FF634029F0B3}.Release|Any CPU.ActiveCfg = Release|Any CPU
		{4D67C1CD-2EA9-4F7B-AA13-FF634029F0B3}.Release|Any CPU.Build.0 = Release|Any CPU
		{BC3A0FC1-EB14-49D8-972F-5F145ABE86F4}.Debug|Any CPU.ActiveCfg = Debug|Any CPU
		{BC3A0FC1-EB14-49D8-972F-5F145ABE86F4}.Debug|Any CPU.Build.0 = Debug|Any CPU
		{BC3A0FC1-EB14-49D8-972F-5F145ABE86F4}.Release|Any CPU.ActiveCfg = Release|Any CPU
		{BC3A0FC1-EB14-49D8-972F-5F145ABE86F4}.Release|Any CPU.Build.0 = Release|Any CPU
		{804C1730-C613-45D3-AEAD-DC5B7953694F}.Debug|Any CPU.ActiveCfg = Debug|Any CPU
		{804C1730-C613-45D3-AEAD-DC5B7953694F}.Debug|Any CPU.Build.0 = Debug|Any CPU
		{804C1730-C613-45D3-AEAD-DC5B7953694F}.Release|Any CPU.ActiveCfg = Release|Any CPU
		{804C1730-C613-45D3-AEAD-DC5B7953694F}.Release|Any CPU.Build.0 = Release|Any CPU
		{F5DC9F7C-7F1C-4D5E-8358-B1B59D3C5CF8}.Debug|Any CPU.ActiveCfg = Debug|Any CPU
		{F5DC9F7C-7F1C-4D5E-8358-B1B59D3C5CF8}.Debug|Any CPU.Build.0 = Debug|Any CPU
		{F5DC9F7C-7F1C-4D5E-8358-B1B59D3C5CF8}.Release|Any CPU.ActiveCfg = Release|Any CPU
		{F5DC9F7C-7F1C-4D5E-8358-B1B59D3C5CF8}.Release|Any CPU.Build.0 = Release|Any CPU
	EndGlobalSection
	GlobalSection(SolutionProperties) = preSolution
		HideSolutionNode = FALSE
	EndGlobalSection
	GlobalSection(ExtensibilityGlobals) = postSolution
		SolutionGuid = {E1882499-B9FB-44A9-803A-2033A0009EEE}
	EndGlobalSection
EndGlobal
